
Microsoft Visual Studio Solution File, Format Version 12.00
# Visual Studio Version 16
VisualStudioVersion = 25.0.1703.5
MinimumVisualStudioVersion = 10.0.40219.1
Project("{FAE04EC0-301F-11D3-BF4B-00C04F79EFBC}") = "T1_MRG_1040822", "T1_MRG_1040822\T1_MRG_1040822.csproj", "{E3185FCB-2714-4FFF-A9E1-1CB44D2BBC2C}"
EndProject
Global
	GlobalSection(SolutionConfigurationPlatforms) = preSolution
		Debug|Any CPU = Debug|Any CPU
		Release|Any CPU = Release|Any CPU
	EndGlobalSection
	GlobalSection(ProjectConfigurationPlatforms) = postSolution
		{E3185FCB-2714-4FFF-A9E1-1CB44D2BBC2C}.Debug|Any CPU.ActiveCfg = Debug|Any CPU
		{E3185FCB-2714-4FFF-A9E1-1CB44D2BBC2C}.Debug|Any CPU.Build.0 = Debug|Any CPU
		{E3185FCB-2714-4FFF-A9E1-1CB44D2BBC2C}.Release|Any CPU.ActiveCfg = Release|Any CPU
		{E3185FCB-2714-4FFF-A9E1-1CB44D2BBC2C}.Release|Any CPU.Build.0 = Release|Any CPU
	EndGlobalSection
	GlobalSection(SolutionProperties) = preSolution
		HideSolutionNode = FALSE
	EndGlobalSection
	GlobalSection(ExtensibilityGlobals) = postSolution
		SolutionGuid = {554C214E-5CC3-4A21-9B15-BB1B69A6D916}
	EndGlobalSection
EndGlobal
